
Microsoft Visual Studio Solution File, Format Version 12.00
# Visual Studio Version 17
VisualStudioVersion = 17.1.32421.90
MinimumVisualStudioVersion = 10.0.40219.1
Project("{FAE04EC0-301F-11D3-BF4B-00C04F79EFBC}") = "Skydiver", "Skydiver\Skydiver.csproj", "{078D6536-FCC7-4019-9FC1-5ECC03E3E117}"
EndProject
Global
	GlobalSection(SolutionConfigurationPlatforms) = preSolution
		Debug|Any CPU = Debug|Any CPU
		Release|Any CPU = Release|Any CPU
	EndGlobalSection
	GlobalSection(ProjectConfigurationPlatforms) = postSolution
		{078D6536-FCC7-4019-9FC1-5ECC03E3E117}.Debug|Any CPU.ActiveCfg = Debug|Any CPU
		{078D6536-FCC7-4019-9FC1-5ECC03E3E117}.Debug|Any CPU.Build.0 = Debug|Any CPU
		{078D6536-FCC7-4019-9FC1-5ECC03E3E117}.Release|Any CPU.ActiveCfg = Release|Any CPU
		{078D6536-FCC7-4019-9FC1-5ECC03E3E117}.Release|Any CPU.Build.0 = Release|Any CPU
	EndGlobalSection
	GlobalSection(SolutionProperties) = preSolution
		HideSolutionNode = FALSE
	EndGlobalSection
	GlobalSection(ExtensibilityGlobals) = postSolution
		SolutionGuid = {5E16362D-5B92-48B2-895D-19E5A998CF89}
	EndGlobalSection
EndGlobal
